
Microsoft Visual Studio Solution File, Format Version 12.00
# Visual Studio 2012
Project("{FAE04EC0-301F-11D3-BF4B-00C04F79EFBC}") = "LinesCount", "LinesCount\LinesCount.csproj", "{85AD5C26-45BD-4BB8-B52F-938F8CACD11F}"
EndProject
Project("{FAE04EC0-301F-11D3-BF4B-00C04F79EFBC}") = "LinesCountTests", "LinesCounterTests\LinesCountTests.csproj", "{4765CE1D-D5E6-4E46-973D-7AD68457DEC4}"
EndProject
Project("{2150E333-8FDC-42A3-9474-1A3956D46DE8}") = "Solution Items", "Solution Items", "{228F783C-C9BC-4304-BAF5-6CEA23A01B81}"
	ProjectSection(SolutionItems) = preProject
		README.md = README.md
	EndProjectSection
EndProject
Project("{FAE04EC0-301F-11D3-BF4B-00C04F79EFBC}") = "LinesCountAddIn", "LinesCountAddIn\LinesCountAddIn.csproj", "{EDF9FF0E-3013-4E38-98BF-744FD89C5E40}"
EndProject
Global
	GlobalSection(SolutionConfigurationPlatforms) = preSolution
		Debug|Any CPU = Debug|Any CPU
		Release|Any CPU = Release|Any CPU
	EndGlobalSection
	GlobalSection(ProjectConfigurationPlatforms) = postSolution
		{4765CE1D-D5E6-4E46-973D-7AD68457DEC4}.Debug|Any CPU.ActiveCfg = Debug|Any CPU
		{4765CE1D-D5E6-4E46-973D-7AD68457DEC4}.Debug|Any CPU.Build.0 = Debug|Any CPU
		{4765CE1D-D5E6-4E46-973D-7AD68457DEC4}.Release|Any CPU.ActiveCfg = Release|Any CPU
		{4765CE1D-D5E6-4E46-973D-7AD68457DEC4}.Release|Any CPU.Build.0 = Release|Any CPU
		{85AD5C26-45BD-4BB8-B52F-938F8CACD11F}.Debug|Any CPU.ActiveCfg = Debug|Any CPU
		{85AD5C26-45BD-4BB8-B52F-938F8CACD11F}.Debug|Any CPU.Build.0 = Debug|Any CPU
		{85AD5C26-45BD-4BB8-B52F-938F8CACD11F}.Release|Any CPU.ActiveCfg = Release|Any CPU
		{85AD5C26-45BD-4BB8-B52F-938F8CACD11F}.Release|Any CPU.Build.0 = Release|Any CPU
		{EDF9FF0E-3013-4E38-98BF-744FD89C5E40}.Debug|Any CPU.ActiveCfg = Debug|Any CPU
		{EDF9FF0E-3013-4E38-98BF-744FD89C5E40}.Debug|Any CPU.Build.0 = Debug|Any CPU
		{EDF9FF0E-3013-4E38-98BF-744FD89C5E40}.Release|Any CPU.ActiveCfg = Release|Any CPU
		{EDF9FF0E-3013-4E38-98BF-744FD89C5E40}.Release|Any CPU.Build.0 = Release|Any CPU
	EndGlobalSection
	GlobalSection(NestedProjects) = preSolution
	EndGlobalSection
EndGlobal
